// !$*UTF8*$!
{
	archiveVersion = 1;
	classes = {
	};
	objectVersion = 46;
	objects = {

/* Begin PBXBuildFile section */
		270DC50D1C9DACA000D82A22 /* main.cpp in Sources */ = {isa = PBXBuildFile; fileRef = 270DC50C1C9DACA000D82A22 /* main.cpp */; };
		270DC5171C9DB62D00D82A22 /* Node.cpp in Sources */ = {isa = PBXBuildFile; fileRef = 270DC5151C9DB62D00D82A22 /* Node.cpp */; };
		270DC51A1C9DB63D00D82A22 /* Arc.cpp in Sources */ = {isa = PBXBuildFile; fileRef = 270DC5181C9DB63D00D82A22 /* Arc.cpp */; };
/* End PBXBuildFile section */

/* Begin PBXCopyFilesBuildPhase section */
		270DC5071C9DACA000D82A22 /* CopyFiles */ = {
			isa = PBXCopyFilesBuildPhase;
			buildActionMask = 2147483647;
			dstPath = /usr/share/man/man1/;
			dstSubfolderSpec = 0;
			files = (
			);
			runOnlyForDeploymentPostprocessing = 1;
		};
/* End PBXCopyFilesBuildPhase section */

/* Begin PBXFileReference section */
		270DC5091C9DACA000D82A22 /* network_hw1 */ = {isa = PBXFileReference; explicitFileType = "compiled.mach-o.executable"; includeInIndex = 0; path = network_hw1; sourceTree = BUILT_PRODUCTS_DIR; };
		270DC50C1C9DACA000D82A22 /* main.cpp */ = {isa = PBXFileReference; lastKnownFileType = sourcecode.cpp.cpp; path = main.cpp; sourceTree = "<group>"; };
		270DC5141C9DAF9F00D82A22 /* test1.sp */ = {isa = PBXFileReference; fileEncoding = 4; lastKnownFileType = text; path = test1.sp; sourceTree = "<group>"; };
		270DC5151C9DB62D00D82A22 /* Node.cpp */ = {isa = PBXFileReference; fileEncoding = 4; lastKnownFileType = sourcecode.cpp.cpp; path = Node.cpp; sourceTree = "<group>"; };
		270DC5161C9DB62D00D82A22 /* Node.h */ = {isa = PBXFileReference; fileEncoding = 4; lastKnownFileType = sourcecode.c.h; path = Node.h; sourceTree = "<group>"; };
		270DC5181C9DB63D00D82A22 /* Arc.cpp */ = {isa = PBXFileReference; fileEncoding = 4; lastKnownFileType = sourcecode.cpp.cpp; path = Arc.cpp; sourceTree = "<group>"; };
		270DC5191C9DB63D00D82A22 /* Arc.h */ = {isa = PBXFileReference; fileEncoding = 4; lastKnownFileType = sourcecode.c.h; path = Arc.h; sourceTree = "<group>"; };
		270DC51B1C9DDD3F00D82A22 /* test2.sp */ = {isa = PBXFileReference; fileEncoding = 4; lastKnownFileType = text; path = test2.sp; sourceTree = "<group>"; };
/* End PBXFileReference section */

/* Begin PBXFrameworksBuildPhase section */
		270DC5061C9DACA000D82A22 /* Frameworks */ = {
			isa = PBXFrameworksBuildPhase;
			buildActionMask = 2147483647;
			files = (
			);
			runOnlyForDeploymentPostprocessing = 0;
		};
/* End PBXFrameworksBuildPhase section */

/* Begin PBXGroup section */
		270DC5001C9DACA000D82A22 = {
			isa = PBXGroup;
			children = (
				270DC50B1C9DACA000D82A22 /* network_hw1 */,
				270DC50A1C9DACA000D82A22 /* Products */,
			);
			sourceTree = "<group>";
		};
		270DC50A1C9DACA000D82A22 /* Products */ = {
			isa = PBXGroup;
			children = (
				270DC5091C9DACA000D82A22 /* network_hw1 */,
			);
			name = Products;
			sourceTree = "<group>";
		};
		270DC50B1C9DACA000D82A22 /* network_hw1 */ = {
			isa = PBXGroup;
			children = (
				270DC51B1C9DDD3F00D82A22 /* test2.sp */,
				270DC5141C9DAF9F00D82A22 /* test1.sp */,
				270DC50C1C9DACA000D82A22 /* main.cpp */,
				270DC5151C9DB62D00D82A22 /* Node.cpp */,
				270DC5161C9DB62D00D82A22 /* Node.h */,
				270DC5181C9DB63D00D82A22 /* Arc.cpp */,
				270DC5191C9DB63D00D82A22 /* Arc.h */,
			);
			path = network_hw1;
			sourceTree = "<group>";
		};
/* End PBXGroup section */

/* Begin PBXNativeTarget section */
		270DC5081C9DACA000D82A22 /* network_hw1 */ = {
			isa = PBXNativeTarget;
			buildConfigurationList = 270DC5101C9DACA000D82A22 /* Build configuration list for PBXNativeTarget "network_hw1" */;
			buildPhases = (
				270DC5051C9DACA000D82A22 /* Sources */,
				270DC5061C9DACA000D82A22 /* Frameworks */,
				270DC5071C9DACA000D82A22 /* CopyFiles */,
			);
			buildRules = (
			);
			dependencies = (
			);
			name = network_hw1;
			productName = network_hw1;
			productReference = 270DC5091C9DACA000D82A22 /* network_hw1 */;
			productType = "com.apple.product-type.tool";
		};
/* End PBXNativeTarget section */

/* Begin PBXProject section */
		270DC5011C9DACA000D82A22 /* Project object */ = {
			isa = PBXProject;
			attributes = {
				LastUpgradeCheck = 0720;
				ORGANIZATIONNAME = "Naction Cheng Kung University";
				TargetAttributes = {
					270DC5081C9DACA000D82A22 = {
						CreatedOnToolsVersion = 7.2.1;
					};
				};
			};
			buildConfigurationList = 270DC5041C9DACA000D82A22 /* Build configuration list for PBXProject "network_hw1" */;
			compatibilityVersion = "Xcode 3.2";
			developmentRegion = English;
			hasScannedForEncodings = 0;
			knownRegions = (
				en,
			);
			mainGroup = 270DC5001C9DACA000D82A22;
			productRefGroup = 270DC50A1C9DACA000D82A22 /* Products */;
			projectDirPath = "";
			projectRoot = "";
			targets = (
				270DC5081C9DACA000D82A22 /* network_hw1 */,
			);
		};
/* End PBXProject section */

/* Begin PBXSourcesBuildPhase section */
		270DC5051C9DACA000D82A22 /* Sources */ = {
			isa = PBXSourcesBuildPhase;
			buildActionMask = 2147483647;
			files = (
				270DC51A1C9DB63D00D82A22 /* Arc.cpp in Sources */,
				270DC50D1C9DACA000D82A22 /* main.cpp in Sources */,
				270DC5171C9DB62D00D82A22 /* Node.cpp in Sources */,
			);
			runOnlyForDeploymentPostprocessing = 0;
		};
/* End PBXSourcesBuildPhase section */

/* Begin XCBuildConfiguration section */
		270DC50E1C9DACA000D82A22 /* Debug */ = {
			isa = XCBuildConfiguration;
			buildSettings = {
				ALWAYS_SEARCH_USER_PATHS = NO;
				CLANG_CXX_LANGUAGE_STANDARD = "gnu++0x";
				CLANG_CXX_LIBRARY = "libc++";
				CLANG_ENABLE_MODULES = YES;
				CLANG_ENABLE_OBJC_ARC = YES;
				CLANG_WARN_BOOL_CONVERSION = YES;
				CLANG_WARN_CONSTANT_CONVERSION = YES;
				CLANG_WARN_DIRECT_OBJC_ISA_USAGE = YES_ERROR;
				CLANG_WARN_EMPTY_BODY = YES;
				CLANG_WARN_ENUM_CONVERSION = YES;
				CLANG_WARN_INT_CONVERSION = YES;
				CLANG_WARN_OBJC_ROOT_CLASS = YES_ERROR;
				CLANG_WARN_UNREACHABLE_CODE = YES;
				CLANG_WARN__DUPLICATE_METHOD_MATCH = YES;
				CODE_SIGN_IDENTITY = "-";
				COPY_PHASE_STRIP = NO;
				DEBUG_INFORMATION_FORMAT = dwarf;
				ENABLE_STRICT_OBJC_MSGSEND = YES;
				ENABLE_TESTABILITY = YES;
				GCC_C_LANGUAGE_STANDARD = gnu99;
				GCC_DYNAMIC_NO_PIC = NO;
				GCC_NO_COMMON_BLOCKS = YES;
				GCC_OPTIMIZATION_LEVEL = 0;
				GCC_PREPROCESSOR_DEFINITIONS = (
					"DEBUG=1",
					"$(inherited)",
				);
				GCC_WARN_64_TO_32_BIT_CONVERSION = YES;
				GCC_WARN_ABOUT_RETURN_TYPE = YES_ERROR;
				GCC_WARN_UNDECLARED_SELECTOR = YES;
				GCC_WARN_UNINITIALIZED_AUTOS = YES_AGGRESSIVE;
				GCC_WARN_UNUSED_FUNCTION = YES;
				GCC_WARN_UNUSED_VARIABLE = YES;
				MACOSX_DEPLOYMENT_TARGET = 10.11;
				MTL_ENABLE_DEBUG_INFO = YES;
				ONLY_ACTIVE_ARCH = YES;
				SDKROOT = macosx;
			};
			name = Debug;
		};
		270DC50F1C9DACA000D82A22 /* Release */ = {
			isa = XCBuildConfiguration;
			buildSettings = {
				ALWAYS_SEARCH_USER_PATHS = NO;
				CLANG_CXX_LANGUAGE_STANDARD = "gnu++0x";
				CLANG_CXX_LIBRARY = "libc++";
				CLANG_ENABLE_MODULES = YES;
				CLANG_ENABLE_OBJC_ARC = YES;
				CLANG_WARN_BOOL_CONVERSION = YES;
				CLANG_WARN_CONSTANT_CONVERSION = YES;
				CLANG_WARN_DIRECT_OBJC_ISA_USAGE = YES_ERROR;
				CLANG_WARN_EMPTY_BODY = YES;
				CLANG_WARN_ENUM_CONVERSION = YES;
				CLANG_WARN_INT_CONVERSION = YES;
				CLANG_WARN_OBJC_ROOT_CLASS = YES_ERROR;
				CLANG_WARN_UNREACHABLE_CODE = YES;
				CLANG_WARN__DUPLICATE_METHOD_MATCH = YES;
				CODE_SIGN_IDENTITY = "-";
				COPY_PHASE_STRIP = NO;
				DEBUG_INFORMATION_FORMAT = "dwarf-with-dsym";
				ENABLE_NS_ASSERTIONS = NO;
				ENABLE_STRICT_OBJC_MSGSEND = YES;
				GCC_C_LANGUAGE_STANDARD = gnu99;
				GCC_NO_COMMON_BLOCKS = YES;
				GCC_WARN_64_TO_32_BIT_CONVERSION = YES;
				GCC_WARN_ABOUT_RETURN_TYPE = YES_ERROR;
				GCC_WARN_UNDECLARED_SELECTOR = YES;
				GCC_WARN_UNINITIALIZED_AUTOS = YES_AGGRESSIVE;
				GCC_WARN_UNUSED_FUNCTION = YES;
				GCC_WARN_UNUSED_VARIABLE = YES;
				MACOSX_DEPLOYMENT_TARGET = 10.11;
				MTL_ENABLE_DEBUG_INFO = NO;
				SDKROOT = macosx;
			};
			name = Release;
		};
		270DC5111C9DACA000D82A22 /* Debug */ = {
			isa = XCBuildConfiguration;
			buildSettings = {
				PRODUCT_NAME = "$(TARGET_NAME)";
			};
			name = Debug;
		};
		270DC5121C9DACA000D82A22 /* Release */ = {
			isa = XCBuildConfiguration;
			buildSettings = {
				PRODUCT_NAME = "$(TARGET_NAME)";
			};
			name = Release;
		};
/* End XCBuildConfiguration section */

/* Begin XCConfigurationList section */
		270DC5041C9DACA000D82A22 /* Build configuration list for PBXProject "network_hw1" */ = {
			isa = XCConfigurationList;
			buildConfigurations = (
				270DC50E1C9DACA000D82A22 /* Debug */,
				270DC50F1C9DACA000D82A22 /* Release */,
			);
			defaultConfigurationIsVisible = 0;
			defaultConfigurationName = Release;
		};
		270DC5101C9DACA000D82A22 /* Build configuration list for PBXNativeTarget "network_hw1" */ = {
			isa = XCConfigurationList;
			buildConfigurations = (
				270DC5111C9DACA000D82A22 /* Debug */,
				270DC5121C9DACA000D82A22 /* Release */,
			);
			defaultConfigurationIsVisible = 0;
		};
/* End XCConfigurationList section */
	};
	rootObject = 270DC5011C9DACA000D82A22 /* Project object */;
}
